github.com/Bakhich/bank1 v0.0.0-20210405204354-e30e500ec540 h1:CxDu/kSsqPDUHxoITldvhf3G2uBCz01UzSZsJhiTWto=
github.com/Bakhich/bank1 v0.0.0-20210405204354-e30e500ec540/go.mod h1:gjbrFapBJ2Lq6nbW7WdydnV76XuWPm2Q4QZrVrG3rqA=
github.com/Bakhich/bank1 v0.0.0-20210405210633-16dcd8379e0a h1:6G+msNvhnjGRDLneAcOdSYsc2oJ0IffH19tT1g9/D6s=
github.com/Bakhich/bank1 v0.0.0-20210405210633-16dcd8379e0a/go.mod h1:gjbrFapBJ2Lq6nbW7WdydnV76XuWPm2Q4QZrVrG3rqA=
